{
  "version": "3",
  "redirects": {
    "https://lib.deno.dev/x/grammy@1/mod.ts": "https://deno.land/x/grammy@v1.20.3/mod.ts",
    "https://lib.deno.dev/x/grammy@1/types.ts": "https://deno.land/x/grammy@v1.20.3/types.ts"
  },
  "remote": {
    "https://cdn.skypack.dev/-/debug@v4.3.4-o4liVvMlOnQWbLSYZMXw/dist=es2019,mode=imports/optimized/debug.js": "671100993996e39b501301a87000607916d4d2d9f8fc8e9c5200ae5ba64a1389",
    "https://cdn.skypack.dev/-/ms@v2.1.2-giBDZ1IA5lmQ3ZXaa87V/dist=es2019,mode=imports/optimized/ms.js": "fd88e2d51900437011f1ad232f3393ce97db1b87a7844b3c58dd6d65562c1276",
    "https://cdn.skypack.dev/debug@4.3.4": "7b1d010cc930f71b940ba5941da055bc181115229e29de7214bdb4425c68ea76",
    "https://deno.land/std@0.211.0/path/_common/assert_path.ts": "2ca275f36ac1788b2acb60fb2b79cb06027198bc2ba6fb7e163efaedde98c297",
    "https://deno.land/std@0.211.0/path/_common/basename.ts": "569744855bc8445f3a56087fd2aed56bdad39da971a8d92b138c9913aecc5fa2",
    "https://deno.land/std@0.211.0/path/_common/constants.ts": "dc5f8057159f4b48cd304eb3027e42f1148cf4df1fb4240774d3492b5d12ac0c",
    "https://deno.land/std@0.211.0/path/_common/strip_trailing_separators.ts": "7024a93447efcdcfeaa9339a98fa63ef9d53de363f1fbe9858970f1bba02655a",
    "https://deno.land/std@0.211.0/path/_os.ts": "8fb9b90fb6b753bd8c77cfd8a33c2ff6c5f5bc185f50de8ca4ac6a05710b2c15",
    "https://deno.land/std@0.211.0/path/basename.ts": "5d341aadb7ada266e2280561692c165771d071c98746fcb66da928870cd47668",
    "https://deno.land/std@0.211.0/path/posix/_util.ts": "1e3937da30f080bfc99fe45d7ed23c47dd8585c5e473b2d771380d3a6937cf9d",
    "https://deno.land/std@0.211.0/path/posix/basename.ts": "39ee27a29f1f35935d3603ccf01d53f3d6e0c5d4d0f84421e65bd1afeff42843",
    "https://deno.land/std@0.211.0/path/windows/_util.ts": "d5f47363e5293fced22c984550d5e70e98e266cc3f31769e1710511803d04808",
    "https://deno.land/std@0.211.0/path/windows/basename.ts": "e2dbf31d1d6385bfab1ce38c333aa290b6d7ae9e0ecb8234a654e583cf22f8fe",
    "https://deno.land/std@0.211.0/streams/_common.ts": "4f9f2958d853b9a456be033631dabb7519daa68ee4d02caf53e2ecbffaf5805f",
    "https://deno.land/std@0.211.0/streams/iterate_reader.ts": "353e516908ce637e8b2a2e1301fa60316825667d0d880d47ea4c427a9a7758cf",
    "https://deno.land/std@0.212.0/dotenv/load.ts": "587b342f0f6a3df071331fe6ba1c823729ab68f7d53805809475e486dd4161d7",
    "https://deno.land/std@0.212.0/dotenv/mod.ts": "46cc7a78cf3f7ba533c8c9b90407a365f925be332ebdc867a1f502614e3d8523",
    "https://deno.land/std@0.212.0/dotenv/parse.ts": "55d5d1a5ba76c1324e6dc2f2f7917f03c47e5da5c2c55af11fd0fe2d6a3d3a2e",
    "https://deno.land/std@0.212.0/dotenv/stringify.ts": "0047ad7068289735d08964046aea267a750c141b494ca0e38831b89be6c020c2",
    "https://deno.land/x/fuzzy_octo_guacamole@v5.0.1/index.ts": "6db3ef06edf4bafaf7fe1e0aac2028112a873b095f3d7013648ebe5c302a516c",
    "https://deno.land/x/fuzzy_octo_guacamole@v5.0.1/internals/helpers.ts": "1fd392d6e9564cdec778c4cfab57b45dfbbe6bfc36c1beae38621f2ff466293f",
    "https://deno.land/x/fuzzy_octo_guacamole@v5.0.1/internals/symbols.ts": "e0f69c01c15a8db83967c2aa2f6b1ea3cffac99be44761cc0b711f74a8659371",
    "https://deno.land/x/fuzzy_octo_guacamole@v5.0.1/is-matching.ts": "710a7f80743850134036fadb99bc347ee5c363399b62518685df130d3aef8ffb",
    "https://deno.land/x/fuzzy_octo_guacamole@v5.0.1/match.ts": "9987671aeeded1ab2de027bc8c4957846c404c0ac747e02b7bbdfabf4731fe49",
    "https://deno.land/x/fuzzy_octo_guacamole@v5.0.1/mod.ts": "882e3724ca160624f934070ead4633e971f81a90dcedc03a428f20769e96307b",
    "https://deno.land/x/fuzzy_octo_guacamole@v5.0.1/patterns.ts": "ce6296a666fd2e3e2744c589d895f3e17e07fc0591732e83384578cf0da8b1a0",
    "https://deno.land/x/fuzzy_octo_guacamole@v5.0.1/types/BuildMany.ts": "452b8228020c9d824fe90444167d228044abe3535981d9a26c5d6827c22a5a82",
    "https://deno.land/x/fuzzy_octo_guacamole@v5.0.1/types/DeepExclude.ts": "c44d2083e6c74f86787028bc06b5a1801313d4b5084328f185437d0b05372c2b",
    "https://deno.land/x/fuzzy_octo_guacamole@v5.0.1/types/DistributeUnions.ts": "c7d625ac849409ec41cd61c06727435fe52d3a6d3ce9385642c1ef8c99142f8a",
    "https://deno.land/x/fuzzy_octo_guacamole@v5.0.1/types/ExtractPreciseValue.ts": "ac759a18c10c4e0d2562ebc5a21c8b2f8d6b2c9d403de3318dc25a8f0f8c19bc",
    "https://deno.land/x/fuzzy_octo_guacamole@v5.0.1/types/FindSelected.ts": "34233f8c9158538148781b172d1341a2edff15e754a4b563ac24219d9085d094",
    "https://deno.land/x/fuzzy_octo_guacamole@v5.0.1/types/InvertPattern.ts": "7f553b243b3e978502efe9c0c1b3b4d1f2b447256f553305660e9c41e10e6a6e",
    "https://deno.land/x/fuzzy_octo_guacamole@v5.0.1/types/IsMatching.ts": "60cda08542386b0fc2019f42da87e0e0819fa30f6f3d9bf835087df139fc84ee",
    "https://deno.land/x/fuzzy_octo_guacamole@v5.0.1/types/Match.ts": "dc26eed6160f585c3513b44ca3b7cdd85c3d005cbcf63ac6bad4a337f0e2ead1",
    "https://deno.land/x/fuzzy_octo_guacamole@v5.0.1/types/Pattern.ts": "1e1b4b3d2a34d0986949d9e2aaee2d538491375790fc4bee490236e6044a92bc",
    "https://deno.land/x/fuzzy_octo_guacamole@v5.0.1/types/helpers.ts": "87a1b7dc5a6867800885ca955f8dd7e23187b84d05c9fb6939ce216705e7b895",
    "https://deno.land/x/grammy@v1.20.3/bot.ts": "bbfc31f976a27a48992ebb21bcdc137f216eb28e32cc5de0041dcc8fca53d5b8",
    "https://deno.land/x/grammy@v1.20.3/composer.ts": "a86dcd6c83e91f720ceb85dab2b1c7b966fc18fc6440848b87b4897fcaa63fc8",
    "https://deno.land/x/grammy@v1.20.3/context.ts": "3e9b8e277f8b75bed20b46047ad93b027a182e9d3504f1f2d2bba0852d0bb77f",
    "https://deno.land/x/grammy@v1.20.3/convenience/constants.ts": "8d7e2fb9b0f5bd4c10585d8a7528dee573dea5096041b35bebadbb943318d1fc",
    "https://deno.land/x/grammy@v1.20.3/convenience/frameworks.ts": "77e2f9fc841ab92d4310b556126447a42f131ad976a6adfff454c016f339b28e",
    "https://deno.land/x/grammy@v1.20.3/convenience/inline_query.ts": "409d1940c7670708064efa495003bcbfdf6763a756b2e6303c464489fd3394ff",
    "https://deno.land/x/grammy@v1.20.3/convenience/input_media.ts": "7af72a5fdb1af0417e31b1327003f536ddfdf64e06ab8bc7f5da6b574de38658",
    "https://deno.land/x/grammy@v1.20.3/convenience/keyboard.ts": "88aeab16f2aaf0b4098135b5f7a678f7d2ce288f28c7eba93eaa5553a7395152",
    "https://deno.land/x/grammy@v1.20.3/convenience/session.ts": "f92d57b6b2b61920912cf5c44d4db2f6ca999fe4f9adef170c321889d49667c2",
    "https://deno.land/x/grammy@v1.20.3/convenience/webhook.ts": "f1da7d6426171fb7b5d5f6b59633f91d3bab9a474eea821f714932650965eb9e",
    "https://deno.land/x/grammy@v1.20.3/core/api.ts": "840c5d39ca953d5bdbf89e61836a8212b22110d142b1606127b9c1a5f7d0b96a",
    "https://deno.land/x/grammy@v1.20.3/core/client.ts": "df622a135e71229ffe722406850c9c08b90dcdd4d049b46926128599c73f9dc5",
    "https://deno.land/x/grammy@v1.20.3/core/error.ts": "4638b2127ebe60249c78b83011d468f5e1e1a87748d32fe11a8200d9f824ad13",
    "https://deno.land/x/grammy@v1.20.3/core/payload.ts": "420e17c3c2830b5576ea187cfce77578fe09f1204b25c25ea2f220ca7c86e73b",
    "https://deno.land/x/grammy@v1.20.3/filter.ts": "8bfd76005929c22c42c6fd70064467dd4e8cf6e83de3c8d9d0522930d433e45d",
    "https://deno.land/x/grammy@v1.20.3/mod.ts": "7723e08709ff7fd01df3e463503e14e4fd1a581669380eed70351e1121e8a833",
    "https://deno.land/x/grammy@v1.20.3/platform.deno.ts": "68272a7e1d9a2d74d8a45342526485dbc0531dee812f675d7f8a4e7fc8393028",
    "https://deno.land/x/grammy@v1.20.3/types.deno.ts": "d43290407cdd90eaa67393f8ab53139bfb9f692335a92cb6f1c607ddac706b26",
    "https://deno.land/x/grammy@v1.20.3/types.ts": "729415590dfa188dbe924dea614dff4e976babdbabb28a307b869fc25777cdf0",
    "https://deno.land/x/grammy_commands@v0.4.0/command.ts": "aca8e7e41427db7ec4295d18073954f9a51fd97e913f5fdc4f6f969c024312a0",
    "https://deno.land/x/grammy_commands@v0.4.0/commands.ts": "300dac309934a2d4e73f5b1da704585ff3b88184158f277e0fdde28b7e745f59",
    "https://deno.land/x/grammy_commands@v0.4.0/context.ts": "10748df0e859485b85f659ba7857e10d1a7554e587c3d49c6ac922ed1397b62f",
    "https://deno.land/x/grammy_commands@v0.4.0/deps.deno.ts": "8f4751ceab26ef7295cb928b7be289c2cf0e11700c996a67559765e944f0958d",
    "https://deno.land/x/grammy_commands@v0.4.0/mod.ts": "f0a84fdffbfea7077762c21f0fc412e7501649ce8ca77a2b396bbdd6e63fe3e7",
    "https://deno.land/x/grammy_types@v3.4.6/api.ts": "ae04d6628e3d25ae805bc07a19475065044fc44cde0a40877405bc3544d03a5f",
    "https://deno.land/x/grammy_types@v3.4.6/inline.ts": "594e1e487c94bde6f1d17f457b7b002786eb40b7b3b77ed32b830571e6285b7e",
    "https://deno.land/x/grammy_types@v3.4.6/manage.ts": "1d2b76d8735cdb56a2afe89097169ff4403b14016adb73e682fce61bc4c2efad",
    "https://deno.land/x/grammy_types@v3.4.6/markup.ts": "bef977ea4c2f17791d6f8a0a8f37f6f7f622967030da4f6b42e41c3a9d797113",
    "https://deno.land/x/grammy_types@v3.4.6/message.ts": "24de17e147a992eedebc8b28a553eeb1d62b0aecb93649fbde5f642bd5ad2b47",
    "https://deno.land/x/grammy_types@v3.4.6/methods.ts": "9c4d413f1a240e356b58c41a2c9417ccbd42b287d7cab9375c568d5d80ffcb2b",
    "https://deno.land/x/grammy_types@v3.4.6/mod.ts": "7b5f421b4fbb1761f7f0d68328eaddd515f3222ce3f3cdfbedd8d5a4781e91a7",
    "https://deno.land/x/grammy_types@v3.4.6/passport.ts": "e3fb63aec96510bcc317ef48fd25b435444b8f407502d7568c00fce15f2958fd",
    "https://deno.land/x/grammy_types@v3.4.6/payment.ts": "d23e9038c5b479b606e620dd84e3e67b6642ada110a962f2d5b5286e99ec7de5",
    "https://deno.land/x/grammy_types@v3.4.6/settings.ts": "5e989f5bd6c587d55673bd8052293869aa2f372e9223dd7f6e28632bfe021b6e",
    "https://deno.land/x/grammy_types@v3.4.6/update.ts": "597465794cbf6a6ab8a6e69c24645ed928e79af3d384dce63ae83716ba78ba3e",
    "https://deno.land/x/ms@v0.1.0/ms.ts": "13014fdf12808df48f6e557cc3be22d24db5b8e29b687d710f9012df3428d2c8",
    "https://deno.land/x/zod@v3.22.4/ZodError.ts": "4de18ff525e75a0315f2c12066b77b5c2ae18c7c15ef7df7e165d63536fdf2ea",
    "https://deno.land/x/zod@v3.22.4/errors.ts": "5285922d2be9700cc0c70c95e4858952b07ae193aa0224be3cbd5cd5567eabef",
    "https://deno.land/x/zod@v3.22.4/external.ts": "a6cfbd61e9e097d5f42f8a7ed6f92f93f51ff927d29c9fbaec04f03cbce130fe",
    "https://deno.land/x/zod@v3.22.4/helpers/enumUtil.ts": "54efc393cc9860e687d8b81ff52e980def00fa67377ad0bf8b3104f8a5bf698c",
    "https://deno.land/x/zod@v3.22.4/helpers/errorUtil.ts": "7a77328240be7b847af6de9189963bd9f79cab32bbc61502a9db4fe6683e2ea7",
    "https://deno.land/x/zod@v3.22.4/helpers/parseUtil.ts": "f791e6e65a0340d85ad37d26cd7a3ba67126cd9957eac2b7163162155283abb1",
    "https://deno.land/x/zod@v3.22.4/helpers/partialUtil.ts": "998c2fe79795257d4d1cf10361e74492f3b7d852f61057c7c08ac0a46488b7e7",
    "https://deno.land/x/zod@v3.22.4/helpers/typeAliases.ts": "0fda31a063c6736fc3cf9090dd94865c811dfff4f3cb8707b932bf937c6f2c3e",
    "https://deno.land/x/zod@v3.22.4/helpers/util.ts": "8baf19b19b2fca8424380367b90364b32503b6b71780269a6e3e67700bb02774",
    "https://deno.land/x/zod@v3.22.4/index.ts": "d27aabd973613985574bc31f39e45cb5d856aa122ef094a9f38a463b8ef1a268",
    "https://deno.land/x/zod@v3.22.4/locales/en.ts": "a7a25cd23563ccb5e0eed214d9b31846305ddbcdb9c5c8f508b108943366ab4c",
    "https://deno.land/x/zod@v3.22.4/mod.ts": "64e55237cb4410e17d968cd08975566059f27638ebb0b86048031b987ba251c4",
    "https://deno.land/x/zod@v3.22.4/types.ts": "724185522fafe43ee56a52333958764c8c8cd6ad4effa27b42651df873fc151e"
  }
}
