{
  "version": "3",
  "packages": {
    "specifiers": {
      "jsr:@std/dotenv@^0.220.1": "jsr:@std/dotenv@0.220.1",
      "npm:@types/luxon": "npm:@types/luxon@3.4.2",
      "npm:grammy@1": "npm:grammy@1.21.1",
      "npm:luxon@^3.4.4": "npm:luxon@3.4.4",
      "npm:openai@^4.29.2": "npm:openai@4.29.2",
      "npm:zod@^3.22.4": "npm:zod@3.22.4"
    },
    "jsr": {
      "@std/dotenv@0.220.1": {
        "integrity": "cf7e6f793b65ae7af1d29e3cea373cd69e21f98b096ee4a58588b4cdbc06cf31"
      }
    },
    "npm": {
      "@grammyjs/types@3.5.2": {
        "integrity": "sha512-KZlJcOdgD8N6SMIHWfwmb11L5/L2+rptWBxCexbzNCry/wfLXFFGFniyUrySnvFo+cWMxgy5GuImwY3mhUrP8g==",
        "dependencies": {}
      },
      "@types/luxon@3.4.2": {
        "integrity": "sha512-TifLZlFudklWlMBfhubvgqTXRzLDI5pCbGa4P8a3wPyUQSW+1xQ5eDsreP9DWHX3tjq1ke96uYG/nwundroWcA==",
        "dependencies": {}
      },
      "@types/node-fetch@2.6.11": {
        "integrity": "sha512-24xFj9R5+rfQJLRyM56qh+wnVSYhyXC2tkoBndtY0U+vubqNsYXGjufB2nn8Q6gt0LrARwL6UBtMCSVCwl4B1g==",
        "dependencies": {
          "@types/node": "@types/node@18.16.19",
          "form-data": "form-data@4.0.0"
        }
      },
      "@types/node@18.16.19": {
        "integrity": "sha512-IXl7o+R9iti9eBW4Wg2hx1xQDig183jj7YLn8F7udNceyfkbn1ZxmzZXuak20gR40D7pIkIY1kYGx5VIGbaHKA==",
        "dependencies": {}
      },
      "@types/node@18.19.26": {
        "integrity": "sha512-+wiMJsIwLOYCvUqSdKTrfkS8mpTp+MPINe6+Np4TAGFWWRWiBQ5kSq9nZGCSPkzx9mvT+uEukzpX4MOSCydcvw==",
        "dependencies": {
          "undici-types": "undici-types@5.26.5"
        }
      },
      "abort-controller@3.0.0": {
        "integrity": "sha512-h8lQ8tacZYnR3vNQTgibj+tODHI5/+l06Au2Pcriv/Gmet0eaj4TwWH41sO9wnHDiQsEj19q0drzdWdeAHtweg==",
        "dependencies": {
          "event-target-shim": "event-target-shim@5.0.1"
        }
      },
      "agentkeepalive@4.5.0": {
        "integrity": "sha512-5GG/5IbQQpC9FpkRGsSvZI5QYeSCzlJHdpBQntCsuTOxhKD8lqKhrleg2Yi7yvMIf82Ycmmqln9U8V9qwEiJew==",
        "dependencies": {
          "humanize-ms": "humanize-ms@1.2.1"
        }
      },
      "asynckit@0.4.0": {
        "integrity": "sha512-Oei9OH4tRh0YqU3GxhX79dM/mwVgvbZJaSNaRk+bshkj0S5cfHcgYakreBjrHwatXKbz+IoIdYLxrKim2MjW0Q==",
        "dependencies": {}
      },
      "base-64@0.1.0": {
        "integrity": "sha512-Y5gU45svrR5tI2Vt/X9GPd3L0HNIKzGu202EjxrXMpuc2V2CiKgemAbUUsqYmZJvPtCXoUKjNZwBJzsNScUbXA==",
        "dependencies": {}
      },
      "charenc@0.0.2": {
        "integrity": "sha512-yrLQ/yVUFXkzg7EDQsPieE/53+0RlaWTs+wBrvW36cyilJ2SaDWfl4Yj7MtLTXleV9uEKefbAGUPv2/iWSooRA==",
        "dependencies": {}
      },
      "combined-stream@1.0.8": {
        "integrity": "sha512-FQN4MRfuJeHf7cBbBMJFXhKSDq+2kAArBlmRBvcvFE5BB1HZKXtSFASDhdlz9zOYwxh8lDdnvmMOe/+5cdoEdg==",
        "dependencies": {
          "delayed-stream": "delayed-stream@1.0.0"
        }
      },
      "crypt@0.0.2": {
        "integrity": "sha512-mCxBlsHFYh9C+HVpiEacem8FEBnMXgU9gy4zmNC+SXAZNB/1idgp/aulFJ4FgCi7GPEVbfyng092GqL2k2rmow==",
        "dependencies": {}
      },
      "debug@4.3.4": {
        "integrity": "sha512-PRWFHuSU3eDtQJPvnNY7Jcket1j0t5OuOsFzPPzsekD52Zl8qUfFIPEiswXqIvHWGVHOgX+7G/vCNNhehwxfkQ==",
        "dependencies": {
          "ms": "ms@2.1.2"
        }
      },
      "delayed-stream@1.0.0": {
        "integrity": "sha512-ZySD7Nf91aLB0RxL4KGrKHBXl7Eds1DAmEdcoVawXnLD7SDhpNgtuII2aAkg7a7QS41jxPSZ17p4VdGnMHk3MQ==",
        "dependencies": {}
      },
      "digest-fetch@1.3.0": {
        "integrity": "sha512-CGJuv6iKNM7QyZlM2T3sPAdZWd/p9zQiRNS9G+9COUCwzWFTs0Xp8NF5iePx7wtvhDykReiRRrSeNb4oMmB8lA==",
        "dependencies": {
          "base-64": "base-64@0.1.0",
          "md5": "md5@2.3.0"
        }
      },
      "event-target-shim@5.0.1": {
        "integrity": "sha512-i/2XbnSz/uxRCU6+NdVJgKWDTM427+MqYbkQzD321DuCQJUqOuJKIA0IM2+W2xtYHdKOmZ4dR6fExsd4SXL+WQ==",
        "dependencies": {}
      },
      "form-data-encoder@1.7.2": {
        "integrity": "sha512-qfqtYan3rxrnCk1VYaA4H+Ms9xdpPqvLZa6xmMgFvhO32x7/3J/ExcTd6qpxM0vH2GdMI+poehyBZvqfMTto8A==",
        "dependencies": {}
      },
      "form-data@4.0.0": {
        "integrity": "sha512-ETEklSGi5t0QMZuiXoA/Q6vcnxcLQP5vdugSpuAyi6SVGi2clPPp+xgEhuMaHC+zGgn31Kd235W35f7Hykkaww==",
        "dependencies": {
          "asynckit": "asynckit@0.4.0",
          "combined-stream": "combined-stream@1.0.8",
          "mime-types": "mime-types@2.1.35"
        }
      },
      "formdata-node@4.4.1": {
        "integrity": "sha512-0iirZp3uVDjVGt9p49aTaqjk84TrglENEDuqfdlZQ1roC9CWlPk6Avf8EEnZNcAqPonwkG35x4n3ww/1THYAeQ==",
        "dependencies": {
          "node-domexception": "node-domexception@1.0.0",
          "web-streams-polyfill": "web-streams-polyfill@4.0.0-beta.3"
        }
      },
      "grammy@1.21.1": {
        "integrity": "sha512-gXHHU83yffHtxutuQlyefClFZN+3bZrmGXYcKVAE2R9SSNlnW9ohF4dC7omn6gHhBoZNRiRS4kumiFc12sal3A==",
        "dependencies": {
          "@grammyjs/types": "@grammyjs/types@3.5.2",
          "abort-controller": "abort-controller@3.0.0",
          "debug": "debug@4.3.4",
          "node-fetch": "node-fetch@2.7.0"
        }
      },
      "humanize-ms@1.2.1": {
        "integrity": "sha512-Fl70vYtsAFb/C06PTS9dZBo7ihau+Tu/DNCk/OyHhea07S+aeMWpFFkUaXRa8fI+ScZbEI8dfSxwY7gxZ9SAVQ==",
        "dependencies": {
          "ms": "ms@2.1.2"
        }
      },
      "is-buffer@1.1.6": {
        "integrity": "sha512-NcdALwpXkTm5Zvvbk7owOUSvVvBKDgKP5/ewfXEznmQFfs4ZRmanOeKBTjRVjka3QFoN6XJ+9F3USqfHqTaU5w==",
        "dependencies": {}
      },
      "luxon@3.4.4": {
        "integrity": "sha512-zobTr7akeGHnv7eBOXcRgMeCP6+uyYsczwmeRCauvpvaAltgNyTbLH/+VaEAPUeWBT+1GuNmz4wC/6jtQzbbVA==",
        "dependencies": {}
      },
      "md5@2.3.0": {
        "integrity": "sha512-T1GITYmFaKuO91vxyoQMFETst+O71VUPEU3ze5GNzDm0OWdP8v1ziTaAEPUr/3kLsY3Sftgz242A1SetQiDL7g==",
        "dependencies": {
          "charenc": "charenc@0.0.2",
          "crypt": "crypt@0.0.2",
          "is-buffer": "is-buffer@1.1.6"
        }
      },
      "mime-db@1.52.0": {
        "integrity": "sha512-sPU4uV7dYlvtWJxwwxHD0PuihVNiE7TyAbQ5SWxDCB9mUYvOgroQOwYQQOKPJ8CIbE+1ETVlOoK1UC2nU3gYvg==",
        "dependencies": {}
      },
      "mime-types@2.1.35": {
        "integrity": "sha512-ZDY+bPm5zTTF+YpCrAU9nK0UgICYPT0QtT1NZWFv4s++TNkcgVaT0g6+4R2uI4MjQjzysHB1zxuWL50hzaeXiw==",
        "dependencies": {
          "mime-db": "mime-db@1.52.0"
        }
      },
      "ms@2.1.2": {
        "integrity": "sha512-sGkPx+VjMtmA6MX27oA4FBFELFCZZ4S4XqeGOXCv68tT+jb3vk/RyaKWP0PTKyWtmLSM0b+adUTEvbs1PEaH2w==",
        "dependencies": {}
      },
      "node-domexception@1.0.0": {
        "integrity": "sha512-/jKZoMpw0F8GRwl4/eLROPA3cfcXtLApP0QzLmUT/HuPCZWyB7IY9ZrMeKw2O/nFIqPQB3PVM9aYm0F312AXDQ==",
        "dependencies": {}
      },
      "node-fetch@2.7.0": {
        "integrity": "sha512-c4FRfUm/dbcWZ7U+1Wq0AwCyFL+3nt2bEw05wfxSz+DWpWsitgmSgYmy2dQdWyKC1694ELPqMs/YzUSNozLt8A==",
        "dependencies": {
          "whatwg-url": "whatwg-url@5.0.0"
        }
      },
      "openai@4.29.2": {
        "integrity": "sha512-cPkT6zjEcE4qU5OW/SoDDuXEsdOLrXlAORhzmaguj5xZSPlgKvLhi27sFWhLKj07Y6WKNWxcwIbzm512FzTBNQ==",
        "dependencies": {
          "@types/node": "@types/node@18.19.26",
          "@types/node-fetch": "@types/node-fetch@2.6.11",
          "abort-controller": "abort-controller@3.0.0",
          "agentkeepalive": "agentkeepalive@4.5.0",
          "digest-fetch": "digest-fetch@1.3.0",
          "form-data-encoder": "form-data-encoder@1.7.2",
          "formdata-node": "formdata-node@4.4.1",
          "node-fetch": "node-fetch@2.7.0",
          "web-streams-polyfill": "web-streams-polyfill@3.3.3"
        }
      },
      "tr46@0.0.3": {
        "integrity": "sha512-N3WMsuqV66lT30CrXNbEjx4GEwlow3v6rr4mCcv6prnfwhS01rkgyFdjPNBYd9br7LpXV1+Emh01fHnq2Gdgrw==",
        "dependencies": {}
      },
      "undici-types@5.26.5": {
        "integrity": "sha512-JlCMO+ehdEIKqlFxk6IfVoAUVmgz7cU7zD/h9XZ0qzeosSHmUJVOzSQvvYSYWXkFXC+IfLKSIffhv0sVZup6pA==",
        "dependencies": {}
      },
      "web-streams-polyfill@3.3.3": {
        "integrity": "sha512-d2JWLCivmZYTSIoge9MsgFCZrt571BikcWGYkjC1khllbTeDlGqZ2D8vD8E/lJa8WGWbb7Plm8/XJYV7IJHZZw==",
        "dependencies": {}
      },
      "web-streams-polyfill@4.0.0-beta.3": {
        "integrity": "sha512-QW95TCTaHmsYfHDybGMwO5IJIM93I/6vTRk+daHTWFPhwh+C8Cg7j7XyKrwrj8Ib6vYXe0ocYNrmzY4xAAN6ug==",
        "dependencies": {}
      },
      "webidl-conversions@3.0.1": {
        "integrity": "sha512-2JAn3z8AR6rjK8Sm8orRC0h/bcl/DqL7tRPdGZ4I1CjdF+EaMLmYxBHyXuKL849eucPFhvBoxMsflfOb8kxaeQ==",
        "dependencies": {}
      },
      "whatwg-url@5.0.0": {
        "integrity": "sha512-saE57nupxk6v3HY35+jzBwYa0rKSy0XR8JSxZPwgLr7ys0IBzhGviA1/TUGJLmSVqs8pb9AnvICXEuOHLprYTw==",
        "dependencies": {
          "tr46": "tr46@0.0.3",
          "webidl-conversions": "webidl-conversions@3.0.1"
        }
      },
      "zod@3.22.4": {
        "integrity": "sha512-iC+8Io04lddc+mVqQ9AZ7OQ2MrUKGN+oIQyq1vemgt46jwCwLfhq7/pwnBnNXXXZb8VTVLKwp9EDkx+ryxIWmg==",
        "dependencies": {}
      }
    }
  },
  "redirects": {
    "https://lib.deno.dev/x/grammy@1/mod.ts": "https://deno.land/x/grammy@v1.21.1/mod.ts",
    "https://lib.deno.dev/x/grammy@1/types.ts": "https://deno.land/x/grammy@v1.21.1/types.ts"
  },
  "remote": {
    "https://cdn.skypack.dev/-/debug@v4.3.4-o4liVvMlOnQWbLSYZMXw/dist=es2019,mode=imports/optimized/debug.js": "671100993996e39b501301a87000607916d4d2d9f8fc8e9c5200ae5ba64a1389",
    "https://cdn.skypack.dev/-/ms@v2.1.2-giBDZ1IA5lmQ3ZXaa87V/dist=es2019,mode=imports/optimized/ms.js": "fd88e2d51900437011f1ad232f3393ce97db1b87a7844b3c58dd6d65562c1276",
    "https://cdn.skypack.dev/debug@4.3.4": "7b1d010cc930f71b940ba5941da055bc181115229e29de7214bdb4425c68ea76",
    "https://deno.land/std@0.211.0/path/_common/assert_path.ts": "2ca275f36ac1788b2acb60fb2b79cb06027198bc2ba6fb7e163efaedde98c297",
    "https://deno.land/std@0.211.0/path/_common/basename.ts": "569744855bc8445f3a56087fd2aed56bdad39da971a8d92b138c9913aecc5fa2",
    "https://deno.land/std@0.211.0/path/_common/constants.ts": "dc5f8057159f4b48cd304eb3027e42f1148cf4df1fb4240774d3492b5d12ac0c",
    "https://deno.land/std@0.211.0/path/_common/strip_trailing_separators.ts": "7024a93447efcdcfeaa9339a98fa63ef9d53de363f1fbe9858970f1bba02655a",
    "https://deno.land/std@0.211.0/path/_os.ts": "8fb9b90fb6b753bd8c77cfd8a33c2ff6c5f5bc185f50de8ca4ac6a05710b2c15",
    "https://deno.land/std@0.211.0/path/basename.ts": "5d341aadb7ada266e2280561692c165771d071c98746fcb66da928870cd47668",
    "https://deno.land/std@0.211.0/path/posix/_util.ts": "1e3937da30f080bfc99fe45d7ed23c47dd8585c5e473b2d771380d3a6937cf9d",
    "https://deno.land/std@0.211.0/path/posix/basename.ts": "39ee27a29f1f35935d3603ccf01d53f3d6e0c5d4d0f84421e65bd1afeff42843",
    "https://deno.land/std@0.211.0/path/windows/_util.ts": "d5f47363e5293fced22c984550d5e70e98e266cc3f31769e1710511803d04808",
    "https://deno.land/std@0.211.0/path/windows/basename.ts": "e2dbf31d1d6385bfab1ce38c333aa290b6d7ae9e0ecb8234a654e583cf22f8fe",
    "https://deno.land/std@0.211.0/streams/_common.ts": "4f9f2958d853b9a456be033631dabb7519daa68ee4d02caf53e2ecbffaf5805f",
    "https://deno.land/std@0.211.0/streams/iterate_reader.ts": "353e516908ce637e8b2a2e1301fa60316825667d0d880d47ea4c427a9a7758cf",
    "https://deno.land/x/fuzzy_octo_guacamole@v5.0.1/index.ts": "6db3ef06edf4bafaf7fe1e0aac2028112a873b095f3d7013648ebe5c302a516c",
    "https://deno.land/x/fuzzy_octo_guacamole@v5.0.1/internals/helpers.ts": "1fd392d6e9564cdec778c4cfab57b45dfbbe6bfc36c1beae38621f2ff466293f",
    "https://deno.land/x/fuzzy_octo_guacamole@v5.0.1/internals/symbols.ts": "e0f69c01c15a8db83967c2aa2f6b1ea3cffac99be44761cc0b711f74a8659371",
    "https://deno.land/x/fuzzy_octo_guacamole@v5.0.1/is-matching.ts": "710a7f80743850134036fadb99bc347ee5c363399b62518685df130d3aef8ffb",
    "https://deno.land/x/fuzzy_octo_guacamole@v5.0.1/match.ts": "9987671aeeded1ab2de027bc8c4957846c404c0ac747e02b7bbdfabf4731fe49",
    "https://deno.land/x/fuzzy_octo_guacamole@v5.0.1/mod.ts": "882e3724ca160624f934070ead4633e971f81a90dcedc03a428f20769e96307b",
    "https://deno.land/x/fuzzy_octo_guacamole@v5.0.1/patterns.ts": "ce6296a666fd2e3e2744c589d895f3e17e07fc0591732e83384578cf0da8b1a0",
    "https://deno.land/x/fuzzy_octo_guacamole@v5.0.1/types/BuildMany.ts": "452b8228020c9d824fe90444167d228044abe3535981d9a26c5d6827c22a5a82",
    "https://deno.land/x/fuzzy_octo_guacamole@v5.0.1/types/DeepExclude.ts": "c44d2083e6c74f86787028bc06b5a1801313d4b5084328f185437d0b05372c2b",
    "https://deno.land/x/fuzzy_octo_guacamole@v5.0.1/types/DistributeUnions.ts": "c7d625ac849409ec41cd61c06727435fe52d3a6d3ce9385642c1ef8c99142f8a",
    "https://deno.land/x/fuzzy_octo_guacamole@v5.0.1/types/ExtractPreciseValue.ts": "ac759a18c10c4e0d2562ebc5a21c8b2f8d6b2c9d403de3318dc25a8f0f8c19bc",
    "https://deno.land/x/fuzzy_octo_guacamole@v5.0.1/types/FindSelected.ts": "34233f8c9158538148781b172d1341a2edff15e754a4b563ac24219d9085d094",
    "https://deno.land/x/fuzzy_octo_guacamole@v5.0.1/types/InvertPattern.ts": "7f553b243b3e978502efe9c0c1b3b4d1f2b447256f553305660e9c41e10e6a6e",
    "https://deno.land/x/fuzzy_octo_guacamole@v5.0.1/types/IsMatching.ts": "60cda08542386b0fc2019f42da87e0e0819fa30f6f3d9bf835087df139fc84ee",
    "https://deno.land/x/fuzzy_octo_guacamole@v5.0.1/types/Match.ts": "dc26eed6160f585c3513b44ca3b7cdd85c3d005cbcf63ac6bad4a337f0e2ead1",
    "https://deno.land/x/fuzzy_octo_guacamole@v5.0.1/types/Pattern.ts": "1e1b4b3d2a34d0986949d9e2aaee2d538491375790fc4bee490236e6044a92bc",
    "https://deno.land/x/fuzzy_octo_guacamole@v5.0.1/types/helpers.ts": "87a1b7dc5a6867800885ca955f8dd7e23187b84d05c9fb6939ce216705e7b895",
    "https://deno.land/x/grammy@v1.21.1/bot.ts": "bbfc31f976a27a48992ebb21bcdc137f216eb28e32cc5de0041dcc8fca53d5b8",
    "https://deno.land/x/grammy@v1.21.1/composer.ts": "a86dcd6c83e91f720ceb85dab2b1c7b966fc18fc6440848b87b4897fcaa63fc8",
    "https://deno.land/x/grammy@v1.21.1/context.ts": "3e9b8e277f8b75bed20b46047ad93b027a182e9d3504f1f2d2bba0852d0bb77f",
    "https://deno.land/x/grammy@v1.21.1/convenience/constants.ts": "8d7e2fb9b0f5bd4c10585d8a7528dee573dea5096041b35bebadbb943318d1fc",
    "https://deno.land/x/grammy@v1.21.1/convenience/frameworks.ts": "ef57a31722a7f1b393f04db83cd123e6455a7b17028d3388e7d5d12970ec8978",
    "https://deno.land/x/grammy@v1.21.1/convenience/inline_query.ts": "409d1940c7670708064efa495003bcbfdf6763a756b2e6303c464489fd3394ff",
    "https://deno.land/x/grammy@v1.21.1/convenience/input_media.ts": "7af72a5fdb1af0417e31b1327003f536ddfdf64e06ab8bc7f5da6b574de38658",
    "https://deno.land/x/grammy@v1.21.1/convenience/keyboard.ts": "88aeab16f2aaf0b4098135b5f7a678f7d2ce288f28c7eba93eaa5553a7395152",
    "https://deno.land/x/grammy@v1.21.1/convenience/session.ts": "f92d57b6b2b61920912cf5c44d4db2f6ca999fe4f9adef170c321889d49667c2",
    "https://deno.land/x/grammy@v1.21.1/convenience/webhook.ts": "f1da7d6426171fb7b5d5f6b59633f91d3bab9a474eea821f714932650965eb9e",
    "https://deno.land/x/grammy@v1.21.1/core/api.ts": "840c5d39ca953d5bdbf89e61836a8212b22110d142b1606127b9c1a5f7d0b96a",
    "https://deno.land/x/grammy@v1.21.1/core/client.ts": "df622a135e71229ffe722406850c9c08b90dcdd4d049b46926128599c73f9dc5",
    "https://deno.land/x/grammy@v1.21.1/core/error.ts": "4638b2127ebe60249c78b83011d468f5e1e1a87748d32fe11a8200d9f824ad13",
    "https://deno.land/x/grammy@v1.21.1/core/payload.ts": "420e17c3c2830b5576ea187cfce77578fe09f1204b25c25ea2f220ca7c86e73b",
    "https://deno.land/x/grammy@v1.21.1/filter.ts": "31b9048d543f4e280a573d2e0b47f4ebbbaead753e4c836525026af5f6af9307",
    "https://deno.land/x/grammy@v1.21.1/mod.ts": "7723e08709ff7fd01df3e463503e14e4fd1a581669380eed70351e1121e8a833",
    "https://deno.land/x/grammy@v1.21.1/platform.deno.ts": "68272a7e1d9a2d74d8a45342526485dbc0531dee812f675d7f8a4e7fc8393028",
    "https://deno.land/x/grammy@v1.21.1/types.deno.ts": "9ef5b8524e5779b1cc6df72736b0663a103b0be549dc4d4c93df2528b27e1534",
    "https://deno.land/x/grammy@v1.21.1/types.ts": "729415590dfa188dbe924dea614dff4e976babdbabb28a307b869fc25777cdf0",
    "https://deno.land/x/grammy_autoquote@v2.0.4/mod.ts": "f25bb6d2884d8ebb445421de9f5501cee122ae61c025fcb2aa1483bf0d350ed7",
    "https://deno.land/x/grammy_commands@v0.4.0/command.ts": "aca8e7e41427db7ec4295d18073954f9a51fd97e913f5fdc4f6f969c024312a0",
    "https://deno.land/x/grammy_commands@v0.4.0/commands.ts": "300dac309934a2d4e73f5b1da704585ff3b88184158f277e0fdde28b7e745f59",
    "https://deno.land/x/grammy_commands@v0.4.0/context.ts": "10748df0e859485b85f659ba7857e10d1a7554e587c3d49c6ac922ed1397b62f",
    "https://deno.land/x/grammy_commands@v0.4.0/deps.deno.ts": "8f4751ceab26ef7295cb928b7be289c2cf0e11700c996a67559765e944f0958d",
    "https://deno.land/x/grammy_commands@v0.4.0/mod.ts": "f0a84fdffbfea7077762c21f0fc412e7501649ce8ca77a2b396bbdd6e63fe3e7",
    "https://deno.land/x/grammy_types@v3.5.2/api.ts": "ae04d6628e3d25ae805bc07a19475065044fc44cde0a40877405bc3544d03a5f",
    "https://deno.land/x/grammy_types@v3.5.2/inline.ts": "12b33002c4d7880b2e80aaee68ac344110360886efe48ab20d40e93b90849f04",
    "https://deno.land/x/grammy_types@v3.5.2/manage.ts": "3bc9717ba157d3b0e076ff256322f9bf7ea2da28eaf25ea1dbcdc84c9f780804",
    "https://deno.land/x/grammy_types@v3.5.2/markup.ts": "38f2de2c01531486d98ad17f7622af15d720ffaf5cf721af77ece49e403a09bb",
    "https://deno.land/x/grammy_types@v3.5.2/message.ts": "90b9a23fc90f056ad34f71ed194f2cba30a91f3fa7b3e699a577172a2eceeb2d",
    "https://deno.land/x/grammy_types@v3.5.2/methods.ts": "3429cc7f124337bb2cd2d16015272125f8e44d440d3480a87241905113fab701",
    "https://deno.land/x/grammy_types@v3.5.2/mod.ts": "7b5f421b4fbb1761f7f0d68328eaddd515f3222ce3f3cdfbedd8d5a4781e91a7",
    "https://deno.land/x/grammy_types@v3.5.2/passport.ts": "e3fb63aec96510bcc317ef48fd25b435444b8f407502d7568c00fce15f2958fd",
    "https://deno.land/x/grammy_types@v3.5.2/payment.ts": "d23e9038c5b479b606e620dd84e3e67b6642ada110a962f2d5b5286e99ec7de5",
    "https://deno.land/x/grammy_types@v3.5.2/settings.ts": "5e989f5bd6c587d55673bd8052293869aa2f372e9223dd7f6e28632bfe021b6e",
    "https://deno.land/x/grammy_types@v3.5.2/update.ts": "a9fe07b677235a0d29e371f7fdc57ebf46b248ce956a2d918ed844a3c0fbe5de"
  }
}
